// !$*UTF8*$!
{
	archiveVersion = 1;
	classes = {
	};
	objectVersion = 77;
	objects = {

/* Begin PBXContainerItemProxy section */
		B2D4F7842DBF349C00B26250 /* PBXContainerItemProxy */ = {
			isa = PBXContainerItemProxy;
			containerPortal = B2D4F7652DBF349A00B26250 /* Project object */;
			proxyType = 1;
			remoteGlobalIDString = B2D4F76C2DBF349A00B26250;
			remoteInfo = step0_codepath;
		};
		B2D4F78E2DBF349C00B26250 /* PBXContainerItemProxy */ = {
			isa = PBXContainerItemProxy;
			containerPortal = B2D4F7652DBF349A00B26250 /* Project object */;
			proxyType = 1;
			remoteGlobalIDString = B2D4F76C2DBF349A00B26250;
			remoteInfo = step0_codepath;
		};
/* End PBXContainerItemProxy section */

/* Begin PBXFileReference section */
		B2D4F76D2DBF349A00B26250 /* step0_codepath.app */ = {isa = PBXFileReference; explicitFileType = wrapper.application; includeInIndex = 0; path = step0_codepath.app; sourceTree = BUILT_PRODUCTS_DIR; };
		B2D4F7832DBF349C00B26250 /* step0_codepathTests.xctest */ = {isa = PBXFileReference; explicitFileType = wrapper.cfbundle; includeInIndex = 0; path = step0_codepathTests.xctest; sourceTree = BUILT_PRODUCTS_DIR; };
		B2D4F78D2DBF349C00B26250 /* step0_codepathUITests.xctest */ = {isa = PBXFileReference; explicitFileType = wrapper.cfbundle; includeInIndex = 0; path = step0_codepathUITests.xctest; sourceTree = BUILT_PRODUCTS_DIR; };
/* End PBXFileReference section */

/* Begin PBXFileSystemSynchronizedRootGroup section */
		B2D4F76F2DBF349A00B26250 /* step0_codepath */ = {
			isa = PBXFileSystemSynchronizedRootGroup;
			path = step0_codepath;
			sourceTree = "<group>";
		};
		B2D4F7862DBF349C00B26250 /* step0_codepathTests */ = {
			isa = PBXFileSystemSynchronizedRootGroup;
			path = step0_codepathTests;
			sourceTree = "<group>";
		};
		B2D4F7902DBF349C00B26250 /* step0_codepathUITests */ = {
			isa = PBXFileSystemSynchronizedRootGroup;
			path = step0_codepathUITests;
			sourceTree = "<group>";
		};
/* End PBXFileSystemSynchronizedRootGroup section */

/* Begin PBXFrameworksBuildPhase section */
		B2D4F76A2DBF349A00B26250 /* Frameworks */ = {
			isa = PBXFrameworksBuildPhase;
			buildActionMask = 2147483647;
			files = (
			);
			runOnlyForDeploymentPostprocessing = 0;
		};
		B2D4F7802DBF349C00B26250 /* Frameworks */ = {
			isa = PBXFrameworksBuildPhase;
			buildActionMask = 2147483647;
			files = (
			);
			runOnlyForDeploymentPostprocessing = 0;
		};
		B2D4F78A2DBF349C00B26250 /* Frameworks */ = {
			isa = PBXFrameworksBuildPhase;
			buildActionMask = 2147483647;
			files = (
			);
			runOnlyForDeploymentPostprocessing = 0;
		};
/* End PBXFrameworksBuildPhase section */

/* Begin PBXGroup section */
		B2D4F7642DBF349A00B26250 = {
			isa = PBXGroup;
			children = (
				B2D4F76F2DBF349A00B26250 /* step0_codepath */,
				B2D4F7862DBF349C00B26250 /* step0_codepathTests */,
				B2D4F7902DBF349C00B26250 /* step0_codepathUITests */,
				B2D4F76E2DBF349A00B26250 /* Products */,
			);
			sourceTree = "<group>";
		};
		B2D4F76E2DBF349A00B26250 /* Products */ = {
			isa = PBXGroup;
			children = (
				B2D4F76D2DBF349A00B26250 /* step0_codepath.app */,
				B2D4F7832DBF349C00B26250 /* step0_codepathTests.xctest */,
				B2D4F78D2DBF349C00B26250 /* step0_codepathUITests.xctest */,
			);
			name = Products;
			sourceTree = "<group>";
		};
/* End PBXGroup section */

/* Begin PBXNativeTarget section */
		B2D4F76C2DBF349A00B26250 /* step0_codepath */ = {
			isa = PBXNativeTarget;
			buildConfigurationList = B2D4F7962DBF349C00B26250 /* Build configuration list for PBXNativeTarget "step0_codepath" */;
			buildPhases = (
				B2D4F7692DBF349A00B26250 /* Sources */,
				B2D4F76A2DBF349A00B26250 /* Frameworks */,
				B2D4F76B2DBF349A00B26250 /* Resources */,
			);
			buildRules = (
			);
			dependencies = (
			);
			fileSystemSynchronizedGroups = (
				B2D4F76F2DBF349A00B26250 /* step0_codepath */,
			);
			name = step0_codepath;
			packageProductDependencies = (
			);
			productName = step0_codepath;
			productReference = B2D4F76D2DBF349A00B26250 /* step0_codepath.app */;
			productType = "com.apple.product-type.application";
		};
		B2D4F7822DBF349C00B26250 /* step0_codepathTests */ = {
			isa = PBXNativeTarget;
			buildConfigurationList = B2D4F79B2DBF349C00B26250 /* Build configuration list for PBXNativeTarget "step0_codepathTests" */;
			buildPhases = (
				B2D4F77F2DBF349C00B26250 /* Sources */,
				B2D4F7802DBF349C00B26250 /* Frameworks */,
				B2D4F7812DBF349C00B26250 /* Resources */,
			);
			buildRules = (
			);
			dependencies = (
				B2D4F7852DBF349C00B26250 /* PBXTargetDependency */,
			);
			fileSystemSynchronizedGroups = (
				B2D4F7862DBF349C00B26250 /* step0_codepathTests */,
			);
			name = step0_codepathTests;
			packageProductDependencies = (
			);
			productName = step0_codepathTests;
			productReference = B2D4F7832DBF349C00B26250 /* step0_codepathTests.xctest */;
			productType = "com.apple.product-type.bundle.unit-test";
		};
		B2D4F78C2DBF349C00B26250 /* step0_codepathUITests */ = {
			isa = PBXNativeTarget;
			buildConfigurationList = B2D4F79E2DBF349C00B26250 /* Build configuration list for PBXNativeTarget "step0_codepathUITests" */;
			buildPhases = (
				B2D4F7892DBF349C00B26250 /* Sources */,
				B2D4F78A2DBF349C00B26250 /* Frameworks */,
				B2D4F78B2DBF349C00B26250 /* Resources */,
			);
			buildRules = (
			);
			dependencies = (
				B2D4F78F2DBF349C00B26250 /* PBXTargetDependency */,
			);
			fileSystemSynchronizedGroups = (
				B2D4F7902DBF349C00B26250 /* step0_codepathUITests */,
			);
			name = step0_codepathUITests;
			packageProductDependencies = (
			);
			productName = step0_codepathUITests;
			productReference = B2D4F78D2DBF349C00B26250 /* step0_codepathUITests.xctest */;
			productType = "com.apple.product-type.bundle.ui-testing";
		};
/* End PBXNativeTarget section */

/* Begin PBXProject section */
		B2D4F7652DBF349A00B26250 /* Project object */ = {
			isa = PBXProject;
			attributes = {
				BuildIndependentTargetsInParallel = 1;
				LastSwiftUpdateCheck = 1630;
				LastUpgradeCheck = 1630;
				TargetAttributes = {
					B2D4F76C2DBF349A00B26250 = {
						CreatedOnToolsVersion = 16.3;
					};
					B2D4F7822DBF349C00B26250 = {
						CreatedOnToolsVersion = 16.3;
						TestTargetID = B2D4F76C2DBF349A00B26250;
					};
					B2D4F78C2DBF349C00B26250 = {
						CreatedOnToolsVersion = 16.3;
						TestTargetID = B2D4F76C2DBF349A00B26250;
					};
				};
			};
			buildConfigurationList = B2D4F7682DBF349A00B26250 /* Build configuration list for PBXProject "step0_codepath" */;
			developmentRegion = en;
			hasScannedForEncodings = 0;
			knownRegions = (
				en,
				Base,
			);
			mainGroup = B2D4F7642DBF349A00B26250;
			minimizedProjectReferenceProxies = 1;
			preferredProjectObjectVersion = 77;
			productRefGroup = B2D4F76E2DBF349A00B26250 /* Products */;
			projectDirPath = "";
			projectRoot = "";
			targets = (
				B2D4F76C2DBF349A00B26250 /* step0_codepath */,
				B2D4F7822DBF349C00B26250 /* step0_codepathTests */,
				B2D4F78C2DBF349C00B26250 /* step0_codepathUITests */,
			);
		};
/* End PBXProject section */

/* Begin PBXResourcesBuildPhase section */
		B2D4F76B2DBF349A00B26250 /* Resources */ = {
			isa = PBXResourcesBuildPhase;
			buildActionMask = 2147483647;
			files = (
			);
			runOnlyForDeploymentPostprocessing = 0;
		};
		B2D4F7812DBF349C00B26250 /* Resources */ = {
			isa = PBXResourcesBuildPhase;
			buildActionMask = 2147483647;
			files = (
			);
			runOnlyForDeploymentPostprocessing = 0;
		};
		B2D4F78B2DBF349C00B26250 /* Resources */ = {
			isa = PBXResourcesBuildPhase;
			buildActionMask = 2147483647;
			files = (
			);
			runOnlyForDeploymentPostprocessing = 0;
		};
/* End PBXResourcesBuildPhase section */

/* Begin PBXSourcesBuildPhase section */
		B2D4F7692DBF349A00B26250 /* Sources */ = {
			isa = PBXSourcesBuildPhase;
			buildActionMask = 2147483647;
			files = (
			);
			runOnlyForDeploymentPostprocessing = 0;
		};
		B2D4F77F2DBF349C00B26250 /* Sources */ = {
			isa = PBXSourcesBuildPhase;
			buildActionMask = 2147483647;
			files = (
			);
			runOnlyForDeploymentPostprocessing = 0;
		};
		B2D4F7892DBF349C00B26250 /* Sources */ = {
			isa = PBXSourcesBuildPhase;
			buildActionMask = 2147483647;
			files = (
			);
			runOnlyForDeploymentPostprocessing = 0;
		};
/* End PBXSourcesBuildPhase section */

/* Begin PBXTargetDependency section */
		B2D4F7852DBF349C00B26250 /* PBXTargetDependency */ = {
			isa = PBXTargetDependency;
			target = B2D4F76C2DBF349A00B26250 /* step0_codepath */;
			targetProxy = B2D4F7842DBF349C00B26250 /* PBXContainerItemProxy */;
		};
		B2D4F78F2DBF349C00B26250 /* PBXTargetDependency */ = {
			isa = PBXTargetDependency;
			target = B2D4F76C2DBF349A00B26250 /* step0_codepath */;
			targetProxy = B2D4F78E2DBF349C00B26250 /* PBXContainerItemProxy */;
		};
/* End PBXTargetDependency section */

/* Begin XCBuildConfiguration section */
		B2D4F7972DBF349C00B26250 /* Debug */ = {
			isa = XCBuildConfiguration;
			buildSettings = {
				ASSETCATALOG_COMPILER_APPICON_NAME = AppIcon;
				ASSETCATALOG_COMPILER_GLOBAL_ACCENT_COLOR_NAME = AccentColor;
				CODE_SIGN_STYLE = Automatic;
				CURRENT_PROJECT_VERSION = 1;
				GENERATE_INFOPLIST_FILE = YES;
				INFOPLIST_FILE = step0_codepath/Info.plist;
				INFOPLIST_KEY_UIApplicationSupportsIndirectInputEvents = YES;
				INFOPLIST_KEY_UILaunchStoryboardName = LaunchScreen;
				INFOPLIST_KEY_UIMainStoryboardFile = Main;
				INFOPLIST_KEY_UISupportedInterfaceOrientations_iPad = "UIInterfaceOrientationPortrait UIInterfaceOrientationPortraitUpsideDown UIInterfaceOrientationLandscapeLeft UIInterfaceOrientationLandscapeRight";
				INFOPLIST_KEY_UISupportedInterfaceOrientations_iPhone = "UIInterfaceOrientationPortrait UIInterfaceOrientationLandscapeLeft UIInterfaceOrientationLandscapeRight";
				LD_RUNPATH_SEARCH_PATHS = (
					"$(inherited)",
					"@executable_path/Frameworks",
				);
				MARKETING_VERSION = 1.0;
				PRODUCT_BUNDLE_IDENTIFIER = "SherlynSaavedra.step0-codepath";
				PRODUCT_NAME = "$(TARGET_NAME)";
				SWIFT_EMIT_LOC_STRINGS = YES;
				SWIFT_VERSION = 5.0;
				TARGETED_DEVICE_FAMILY = "1,2";
			};
			name = Debug;
		};
		B2D4F7982DBF349C00B26250 /* Release */ = {
			isa = XCBuildConfiguration;
			buildSettings = {
				ASSETCATALOG_COMPILER_APPICON_NAME = AppIcon;
				ASSETCATALOG_COMPILER_GLOBAL_ACCENT_COLOR_NAME = AccentColor;
				CODE_SIGN_STYLE = Automatic;
				CURRENT_PROJECT_VERSION = 1;
				GENERATE_INFOPLIST_FILE = YES;
				INFOPLIST_FILE = step0_codepath/Info.plist;
				INFOPLIST_KEY_UIApplicationSupportsIndirectInputEvents = YES;
				INFOPLIST_KEY_UILaunchStoryboardName = LaunchScreen;
				INFOPLIST_KEY_UIMainStoryboardFile = Main;
				INFOPLIST_KEY_UISupportedInterfaceOrientations_iPad = "UIInterfaceOrientationPortrait UIInterfaceOrientationPortraitUpsideDown UIInterfaceOrientationLandscapeLeft UIInterfaceOrientationLandscapeRight";
				INFOPLIST_KEY_UISupportedInterfaceOrientations_iPhone = "UIInterfaceOrientationPortrait UIInterfaceOrientationLandscapeLeft UIInterfaceOrientationLandscapeRight";
				LD_RUNPATH_SEARCH_PATHS = (
					"$(inherited)",
					"@executable_path/Frameworks",
				);
				MARKETING_VERSION = 1.0;
				PRODUCT_BUNDLE_IDENTIFIER = "SherlynSaavedra.step0-codepath";
				PRODUCT_NAME = "$(TARGET_NAME)";
				SWIFT_EMIT_LOC_STRINGS = YES;
				SWIFT_VERSION = 5.0;
				TARGETED_DEVICE_FAMILY = "1,2";
			};
			name = Release;
		};
		B2D4F7992DBF349C00B26250 /* Debug */ = {
			isa = XCBuildConfiguration;
			buildSettings = {
				ALWAYS_SEARCH_USER_PATHS = NO;
				ASSETCATALOG_COMPILER_GENERATE_SWIFT_ASSET_SYMBOL_EXTENSIONS = YES;
				CLANG_ANALYZER_NONNULL = YES;
				CLANG_ANALYZER_NUMBER_OBJECT_CONVERSION = YES_AGGRESSIVE;
				CLANG_CXX_LANGUAGE_STANDARD = "gnu++20";
				CLANG_ENABLE_MODULES = YES;
				CLANG_ENABLE_OBJC_ARC = YES;
				CLANG_ENABLE_OBJC_WEAK = YES;
				CLANG_WARN_BLOCK_CAPTURE_AUTORELEASING = YES;
				CLANG_WARN_BOOL_CONVERSION = YES;
				CLANG_WARN_COMMA = YES;
				CLANG_WARN_CONSTANT_CONVERSION = YES;
				CLANG_WARN_DEPRECATED_OBJC_IMPLEMENTATIONS = YES;
				CLANG_WARN_DIRECT_OBJC_ISA_USAGE = YES_ERROR;
				CLANG_WARN_DOCUMENTATION_COMMENTS = YES;
				CLANG_WARN_EMPTY_BODY = YES;
				CLANG_WARN_ENUM_CONVERSION = YES;
				CLANG_WARN_INFINITE_RECURSION = YES;
				CLANG_WARN_INT_CONVERSION = YES;
				CLANG_WARN_NON_LITERAL_NULL_CONVERSION = YES;
				CLANG_WARN_OBJC_IMPLICIT_RETAIN_SELF = YES;
				CLANG_WARN_OBJC_LITERAL_CONVERSION = YES;
				CLANG_WARN_OBJC_ROOT_CLASS = YES_ERROR;
				CLANG_WARN_QUOTED_INCLUDE_IN_FRAMEWORK_HEADER = YES;
				CLANG_WARN_RANGE_LOOP_ANALYSIS = YES;
				CLANG_WARN_STRICT_PROTOTYPES = YES;
				CLANG_WARN_SUSPICIOUS_MOVE = YES;
				CLANG_WARN_UNGUARDED_AVAILABILITY = YES_AGGRESSIVE;
				CLANG_WARN_UNREACHABLE_CODE = YES;
				CLANG_WARN__DUPLICATE_METHOD_MATCH = YES;
				COPY_PHASE_STRIP = NO;
				DEBUG_INFORMATION_FORMAT = dwarf;
				ENABLE_STRICT_OBJC_MSGSEND = YES;
				ENABLE_TESTABILITY = YES;
				ENABLE_USER_SCRIPT_SANDBOXING = YES;
				GCC_C_LANGUAGE_STANDARD = gnu17;
				GCC_DYNAMIC_NO_PIC = NO;
				GCC_NO_COMMON_BLOCKS = YES;
				GCC_OPTIMIZATION_LEVEL = 0;
				GCC_PREPROCESSOR_DEFINITIONS = (
					"DEBUG=1",
					"$(inherited)",
				);
				GCC_WARN_64_TO_32_BIT_CONVERSION = YES;
				GCC_WARN_ABOUT_RETURN_TYPE = YES_ERROR;
				GCC_WARN_UNDECLARED_SELECTOR = YES;
				GCC_WARN_UNINITIALIZED_AUTOS = YES_AGGRESSIVE;
				GCC_WARN_UNUSED_FUNCTION = YES;
				GCC_WARN_UNUSED_VARIABLE = YES;
				IPHONEOS_DEPLOYMENT_TARGET = 18.4;
				LOCALIZATION_PREFERS_STRING_CATALOGS = YES;
				MTL_ENABLE_DEBUG_INFO = INCLUDE_SOURCE;
				MTL_FAST_MATH = YES;
				ONLY_ACTIVE_ARCH = YES;
				SDKROOT = iphoneos;
				SWIFT_ACTIVE_COMPILATION_CONDITIONS = "DEBUG $(inherited)";
				SWIFT_OPTIMIZATION_LEVEL = "-Onone";
			};
			name = Debug;
		};
		B2D4F79A2DBF349C00B26250 /* Release */ = {
			isa = XCBuildConfiguration;
			buildSettings = {
				ALWAYS_SEARCH_USER_PATHS = NO;
				ASSETCATALOG_COMPILER_GENERATE_SWIFT_ASSET_SYMBOL_EXTENSIONS = YES;
				CLANG_ANALYZER_NONNULL = YES;
				CLANG_ANALYZER_NUMBER_OBJECT_CONVERSION = YES_AGGRESSIVE;
				CLANG_CXX_LANGUAGE_STANDARD = "gnu++20";
				CLANG_ENABLE_MODULES = YES;
				CLANG_ENABLE_OBJC_ARC = YES;
				CLANG_ENABLE_OBJC_WEAK = YES;
				CLANG_WARN_BLOCK_CAPTURE_AUTORELEASING = YES;
				CLANG_WARN_BOOL_CONVERSION = YES;
				CLANG_WARN_COMMA = YES;
				CLANG_WARN_CONSTANT_CONVERSION = YES;
				CLANG_WARN_DEPRECATED_OBJC_IMPLEMENTATIONS = YES;
				CLANG_WARN_DIRECT_OBJC_ISA_USAGE = YES_ERROR;
				CLANG_WARN_DOCUMENTATION_COMMENTS = YES;
				CLANG_WARN_EMPTY_BODY = YES;
				CLANG_WARN_ENUM_CONVERSION = YES;
				CLANG_WARN_INFINITE_RECURSION = YES;
				CLANG_WARN_INT_CONVERSION = YES;
				CLANG_WARN_NON_LITERAL_NULL_CONVERSION = YES;
				CLANG_WARN_OBJC_IMPLICIT_RETAIN_SELF = YES;
				CLANG_WARN_OBJC_LITERAL_CONVERSION = YES;
				CLANG_WARN_OBJC_ROOT_CLASS = YES_ERROR;
				CLANG_WARN_QUOTED_INCLUDE_IN_FRAMEWORK_HEADER = YES;
				CLANG_WARN_RANGE_LOOP_ANALYSIS = YES;
				CLANG_WARN_STRICT_PROTOTYPES = YES;
				CLANG_WARN_SUSPICIOUS_MOVE = YES;
				CLANG_WARN_UNGUARDED_AVAILABILITY = YES_AGGRESSIVE;
				CLANG_WARN_UNREACHABLE_CODE = YES;
				CLANG_WARN__DUPLICATE_METHOD_MATCH = YES;
				COPY_PHASE_STRIP = NO;
				DEBUG_INFORMATION_FORMAT = "dwarf-with-dsym";
				ENABLE_NS_ASSERTIONS = NO;
				ENABLE_STRICT_OBJC_MSGSEND = YES;
				ENABLE_USER_SCRIPT_SANDBOXING = YES;
				GCC_C_LANGUAGE_STANDARD = gnu17;
				GCC_NO_COMMON_BLOCKS = YES;
				GCC_WARN_64_TO_32_BIT_CONVERSION = YES;
				GCC_WARN_ABOUT_RETURN_TYPE = YES_ERROR;
				GCC_WARN_UNDECLARED_SELECTOR = YES;
				GCC_WARN_UNINITIALIZED_AUTOS = YES_AGGRESSIVE;
				GCC_WARN_UNUSED_FUNCTION = YES;
				GCC_WARN_UNUSED_VARIABLE = YES;
				IPHONEOS_DEPLOYMENT_TARGET = 18.4;
				LOCALIZATION_PREFERS_STRING_CATALOGS = YES;
				MTL_ENABLE_DEBUG_INFO = NO;
				MTL_FAST_MATH = YES;
				SDKROOT = iphoneos;
				SWIFT_COMPILATION_MODE = wholemodule;
				VALIDATE_PRODUCT = YES;
			};
			name = Release;
		};
		B2D4F79C2DBF349C00B26250 /* Debug */ = {
			isa = XCBuildConfiguration;
			buildSettings = {
				BUNDLE_LOADER = "$(TEST_HOST)";
				CODE_SIGN_STYLE = Automatic;
				CURRENT_PROJECT_VERSION = 1;
				GENERATE_INFOPLIST_FILE = YES;
				IPHONEOS_DEPLOYMENT_TARGET = 18.4;
				MARKETING_VERSION = 1.0;
				PRODUCT_BUNDLE_IDENTIFIER = "SherlynSaavedra.step0-codepathTests";
				PRODUCT_NAME = "$(TARGET_NAME)";
				SWIFT_EMIT_LOC_STRINGS = NO;
				SWIFT_VERSION = 5.0;
				TARGETED_DEVICE_FAMILY = "1,2";
				TEST_HOST = "$(BUILT_PRODUCTS_DIR)/step0_codepath.app/$(BUNDLE_EXECUTABLE_FOLDER_PATH)/step0_codepath";
			};
			name = Debug;
		};
		B2D4F79D2DBF349C00B26250 /* Release */ = {
			isa = XCBuildConfiguration;
			buildSettings = {
				BUNDLE_LOADER = "$(TEST_HOST)";
				CODE_SIGN_STYLE = Automatic;
				CURRENT_PROJECT_VERSION = 1;
				GENERATE_INFOPLIST_FILE = YES;
				IPHONEOS_DEPLOYMENT_TARGET = 18.4;
				MARKETING_VERSION = 1.0;
				PRODUCT_BUNDLE_IDENTIFIER = "SherlynSaavedra.step0-codepathTests";
				PRODUCT_NAME = "$(TARGET_NAME)";
				SWIFT_EMIT_LOC_STRINGS = NO;
				SWIFT_VERSION = 5.0;
				TARGETED_DEVICE_FAMILY = "1,2";
				TEST_HOST = "$(BUILT_PRODUCTS_DIR)/step0_codepath.app/$(BUNDLE_EXECUTABLE_FOLDER_PATH)/step0_codepath";
			};
			name = Release;
		};
		B2D4F79F2DBF349C00B26250 /* Debug */ = {
			isa = XCBuildConfiguration;
			buildSettings = {
				CODE_SIGN_STYLE = Automatic;
				CURRENT_PROJECT_VERSION = 1;
				GENERATE_INFOPLIST_FILE = YES;
				MARKETING_VERSION = 1.0;
				PRODUCT_BUNDLE_IDENTIFIER = "SherlynSaavedra.step0-codepathUITests";
				PRODUCT_NAME = "$(TARGET_NAME)";
				SWIFT_EMIT_LOC_STRINGS = NO;
				SWIFT_VERSION = 5.0;
				TARGETED_DEVICE_FAMILY = "1,2";
				TEST_TARGET_NAME = step0_codepath;
			};
			name = Debug;
		};
		B2D4F7A02DBF349C00B26250 /* Release */ = {
			isa = XCBuildConfiguration;
			buildSettings = {
				CODE_SIGN_STYLE = Automatic;
				CURRENT_PROJECT_VERSION = 1;
				GENERATE_INFOPLIST_FILE = YES;
				MARKETING_VERSION = 1.0;
				PRODUCT_BUNDLE_IDENTIFIER = "SherlynSaavedra.step0-codepathUITests";
				PRODUCT_NAME = "$(TARGET_NAME)";
				SWIFT_EMIT_LOC_STRINGS = NO;
				SWIFT_VERSION = 5.0;
				TARGETED_DEVICE_FAMILY = "1,2";
				TEST_TARGET_NAME = step0_codepath;
			};
			name = Release;
		};
/* End XCBuildConfiguration section */

/* Begin XCConfigurationList section */
		B2D4F7682DBF349A00B26250 /* Build configuration list for PBXProject "step0_codepath" */ = {
			isa = XCConfigurationList;
			buildConfigurations = (
				B2D4F7992DBF349C00B26250 /* Debug */,
				B2D4F79A2DBF349C00B26250 /* Release */,
			);
			defaultConfigurationIsVisible = 0;
			defaultConfigurationName = Release;
		};
		B2D4F7962DBF349C00B26250 /* Build configuration list for PBXNativeTarget "step0_codepath" */ = {
			isa = XCConfigurationList;
			buildConfigurations = (
				B2D4F7972DBF349C00B26250 /* Debug */,
				B2D4F7982DBF349C00B26250 /* Release */,
			);
			defaultConfigurationIsVisible = 0;
			defaultConfigurationName = Release;
		};
		B2D4F79B2DBF349C00B26250 /* Build configuration list for PBXNativeTarget "step0_codepathTests" */ = {
			isa = XCConfigurationList;
			buildConfigurations = (
				B2D4F79C2DBF349C00B26250 /* Debug */,
				B2D4F79D2DBF349C00B26250 /* Release */,
			);
			defaultConfigurationIsVisible = 0;
			defaultConfigurationName = Release;
		};
		B2D4F79E2DBF349C00B26250 /* Build configuration list for PBXNativeTarget "step0_codepathUITests" */ = {
			isa = XCConfigurationList;
			buildConfigurations = (
				B2D4F79F2DBF349C00B26250 /* Debug */,
				B2D4F7A02DBF349C00B26250 /* Release */,
			);
			defaultConfigurationIsVisible = 0;
			defaultConfigurationName = Release;
		};
/* End XCConfigurationList section */
	};
	rootObject = B2D4F7652DBF349A00B26250 /* Project object */;
}
